// !$*UTF8*$!
{
	archiveVersion = 1;
	classes = {
	};
	objectVersion = 46;
	objects = {

/* Begin PBXBuildFile section */
		2F5A40051B5EBC8200AC4048 /* main.m in Sources */ = {isa = PBXBuildFile; fileRef = 2F5A40041B5EBC8200AC4048 /* main.m */; };
		2F5A40081B5EBC8200AC4048 /* AppDelegate.m in Sources */ = {isa = PBXBuildFile; fileRef = 2F5A40071B5EBC8200AC4048 /* AppDelegate.m */; };
		2F5A400B1B5EBC8200AC4048 /* ViewController.m in Sources */ = {isa = PBXBuildFile; fileRef = 2F5A400A1B5EBC8200AC4048 /* ViewController.m */; };
		2F5A400E1B5EBC8200AC4048 /* Main.storyboard in Resources */ = {isa = PBXBuildFile; fileRef = 2F5A400C1B5EBC8200AC4048 /* Main.storyboard */; };
		2F5A40101B5EBC8200AC4048 /* Images.xcassets in Resources */ = {isa = PBXBuildFile; fileRef = 2F5A400F1B5EBC8200AC4048 /* Images.xcassets */; };
		2F5A40131B5EBC8200AC4048 /* LaunchScreen.xib in Resources */ = {isa = PBXBuildFile; fileRef = 2F5A40111B5EBC8200AC4048 /* LaunchScreen.xib */; };
		2F5A401F1B5EBC8200AC4048 /* PodsTestTests.m in Sources */ = {isa = PBXBuildFile; fileRef = 2F5A401E1B5EBC8200AC4048 /* PodsTestTests.m */; };
/* End PBXBuildFile section */

/* Begin PBXContainerItemProxy section */
		2F5A40191B5EBC8200AC4048 /* PBXContainerItemProxy */ = {
			isa = PBXContainerItemProxy;
			containerPortal = 2F5A3FF71B5EBC8200AC4048 /* Project object */;
			proxyType = 1;
			remoteGlobalIDString = 2F5A3FFE1B5EBC8200AC4048;
			remoteInfo = PodsTest;
		};
/* End PBXContainerItemProxy section */

/* Begin PBXFileReference section */
		2F5A3FFF1B5EBC8200AC4048 /* PodsTest.app */ = {isa = PBXFileReference; explicitFileType = wrapper.application; includeInIndex = 0; path = PodsTest.app; sourceTree = BUILT_PRODUCTS_DIR; };
		2F5A40031B5EBC8200AC4048 /* Info.plist */ = {isa = PBXFileReference; lastKnownFileType = text.plist.xml; path = Info.plist; sourceTree = "<group>"; };
		2F5A40041B5EBC8200AC4048 /* main.m */ = {isa = PBXFileReference; lastKnownFileType = sourcecode.c.objc; path = main.m; sourceTree = "<group>"; };
		2F5A40061B5EBC8200AC4048 /* AppDelegate.h */ = {isa = PBXFileReference; lastKnownFileType = sourcecode.c.h; path = AppDelegate.h; sourceTree = "<group>"; };
		2F5A40071B5EBC8200AC4048 /* AppDelegate.m */ = {isa = PBXFileReference; lastKnownFileType = sourcecode.c.objc; path = AppDelegate.m; sourceTree = "<group>"; };
		2F5A40091B5EBC8200AC4048 /* ViewController.h */ = {isa = PBXFileReference; lastKnownFileType = sourcecode.c.h; path = ViewController.h; sourceTree = "<group>"; };
		2F5A400A1B5EBC8200AC4048 /* ViewController.m */ = {isa = PBXFileReference; lastKnownFileType = sourcecode.c.objc; path = ViewController.m; sourceTree = "<group>"; };
		2F5A400D1B5EBC8200AC4048 /* Base */ = {isa = PBXFileReference; lastKnownFileType = file.storyboard; name = Base; path = Base.lproj/Main.storyboard; sourceTree = "<group>"; };
		2F5A400F1B5EBC8200AC4048 /* Images.xcassets */ = {isa = PBXFileReference; lastKnownFileType = folder.assetcatalog; path = Images.xcassets; sourceTree = "<group>"; };
		2F5A40121B5EBC8200AC4048 /* Base */ = {isa = PBXFileReference; lastKnownFileType = file.xib; name = Base; path = Base.lproj/LaunchScreen.xib; sourceTree = "<group>"; };
		2F5A40181B5EBC8200AC4048 /* PodsTestTests.xctest */ = {isa = PBXFileReference; explicitFileType = wrapper.cfbundle; includeInIndex = 0; path = PodsTestTests.xctest; sourceTree = BUILT_PRODUCTS_DIR; };
		2F5A401D1B5EBC8200AC4048 /* Info.plist */ = {isa = PBXFileReference; lastKnownFileType = text.plist.xml; path = Info.plist; sourceTree = "<group>"; };
		2F5A401E1B5EBC8200AC4048 /* PodsTestTests.m */ = {isa = PBXFileReference; lastKnownFileType = sourcecode.c.objc; path = PodsTestTests.m; sourceTree = "<group>"; };
/* End PBXFileReference section */

/* Begin PBXFrameworksBuildPhase section */
		2F5A3FFC1B5EBC8200AC4048 /* Frameworks */ = {
			isa = PBXFrameworksBuildPhase;
			buildActionMask = 2147483647;
			files = (
			);
			runOnlyForDeploymentPostprocessing = 0;
		};
		2F5A40151B5EBC8200AC4048 /* Frameworks */ = {
			isa = PBXFrameworksBuildPhase;
			buildActionMask = 2147483647;
			files = (
			);
			runOnlyForDeploymentPostprocessing = 0;
		};
/* End PBXFrameworksBuildPhase section */

/* Begin PBXGroup section */
		2F5A3FF61B5EBC8200AC4048 = {
			isa = PBXGroup;
			children = (
				2F5A40011B5EBC8200AC4048 /* PodsTest */,
				2F5A401B1B5EBC8200AC4048 /* PodsTestTests */,
				2F5A40001B5EBC8200AC4048 /* Products */,
			);
			sourceTree = "<group>";
		};
		2F5A40001B5EBC8200AC4048 /* Products */ = {
			isa = PBXGroup;
			children = (
				2F5A3FFF1B5EBC8200AC4048 /* PodsTest.app */,
				2F5A40181B5EBC8200AC4048 /* PodsTestTests.xctest */,
			);
			name = Products;
			sourceTree = "<group>";
		};
		2F5A40011B5EBC8200AC4048 /* PodsTest */ = {
			isa = PBXGroup;
			children = (
				2F5A40061B5EBC8200AC4048 /* AppDelegate.h */,
				2F5A40071B5EBC8200AC4048 /* AppDelegate.m */,
				2F5A40091B5EBC8200AC4048 /* ViewController.h */,
				2F5A400A1B5EBC8200AC4048 /* ViewController.m */,
				2F5A400C1B5EBC8200AC4048 /* Main.storyboard */,
				2F5A400F1B5EBC8200AC4048 /* Images.xcassets */,
				2F5A40111B5EBC8200AC4048 /* LaunchScreen.xib */,
				2F5A40021B5EBC8200AC4048 /* Supporting Files */,
			);
			path = PodsTest;
			sourceTree = "<group>";
		};
		2F5A40021B5EBC8200AC4048 /* Supporting Files */ = {
			isa = PBXGroup;
			children = (
				2F5A40031B5EBC8200AC4048 /* Info.plist */,
				2F5A40041B5EBC8200AC4048 /* main.m */,
			);
			name = "Supporting Files";
			sourceTree = "<group>";
		};
		2F5A401B1B5EBC8200AC4048 /* PodsTestTests */ = {
			isa = PBXGroup;
			children = (
				2F5A401E1B5EBC8200AC4048 /* PodsTestTests.m */,
				2F5A401C1B5EBC8200AC4048 /* Supporting Files */,
			);
			path = PodsTestTests;
			sourceTree = "<group>";
		};
		2F5A401C1B5EBC8200AC4048 /* Supporting Files */ = {
			isa = PBXGroup;
			children = (
				2F5A401D1B5EBC8200AC4048 /* Info.plist */,
			);
			name = "Supporting Files";
			sourceTree = "<group>";
		};
/* End PBXGroup section */

/* Begin PBXNativeTarget section */
		2F5A3FFE1B5EBC8200AC4048 /* PodsTest */ = {
			isa = PBXNativeTarget;
			buildConfigurationList = 2F5A40221B5EBC8200AC4048 /* Build configuration list for PBXNativeTarget "PodsTest" */;
			buildPhases = (
				2F5A3FFB1B5EBC8200AC4048 /* Sources */,
				2F5A3FFC1B5EBC8200AC4048 /* Frameworks */,
				2F5A3FFD1B5EBC8200AC4048 /* Resources */,
			);
			buildRules = (
			);
			dependencies = (
			);
			name = PodsTest;
			productName = PodsTest;
			productReference = 2F5A3FFF1B5EBC8200AC4048 /* PodsTest.app */;
			productType = "com.apple.product-type.application";
		};
		2F5A40171B5EBC8200AC4048 /* PodsTestTests */ = {
			isa = PBXNativeTarget;
			buildConfigurationList = 2F5A40251B5EBC8200AC4048 /* Build configuration list for PBXNativeTarget "PodsTestTests" */;
			buildPhases = (
				2F5A40141B5EBC8200AC4048 /* Sources */,
				2F5A40151B5EBC8200AC4048 /* Frameworks */,
				2F5A40161B5EBC8200AC4048 /* Resources */,
			);
			buildRules = (
			);
			dependencies = (
				2F5A401A1B5EBC8200AC4048 /* PBXTargetDependency */,
			);
			name = PodsTestTests;
			productName = PodsTestTests;
			productReference = 2F5A40181B5EBC8200AC4048 /* PodsTestTests.xctest */;
			productType = "com.apple.product-type.bundle.unit-test";
		};
/* End PBXNativeTarget section */

/* Begin PBXProject section */
		2F5A3FF71B5EBC8200AC4048 /* Project object */ = {
			isa = PBXProject;
			attributes = {
				LastUpgradeCheck = 0640;
				ORGANIZATIONNAME = "Michael Lee";
				TargetAttributes = {
					2F5A3FFE1B5EBC8200AC4048 = {
						CreatedOnToolsVersion = 6.4;
					};
					2F5A40171B5EBC8200AC4048 = {
						CreatedOnToolsVersion = 6.4;
						TestTargetID = 2F5A3FFE1B5EBC8200AC4048;
					};
				};
			};
			buildConfigurationList = 2F5A3FFA1B5EBC8200AC4048 /* Build configuration list for PBXProject "PodsTest" */;
			compatibilityVersion = "Xcode 3.2";
			developmentRegion = English;
			hasScannedForEncodings = 0;
			knownRegions = (
				en,
				Base,
			);
			mainGroup = 2F5A3FF61B5EBC8200AC4048;
			productRefGroup = 2F5A40001B5EBC8200AC4048 /* Products */;
			projectDirPath = "";
			projectRoot = "";
			targets = (
				2F5A3FFE1B5EBC8200AC4048 /* PodsTest */,
				2F5A40171B5EBC8200AC4048 /* PodsTestTests */,
			);
		};
/* End PBXProject section */

/* Begin PBXResourcesBuildPhase section */
		2F5A3FFD1B5EBC8200AC4048 /* Resources */ = {
			isa = PBXResourcesBuildPhase;
			buildActionMask = 2147483647;
			files = (
				2F5A400E1B5EBC8200AC4048 /* Main.storyboard in Resources */,
				2F5A40131B5EBC8200AC4048 /* LaunchScreen.xib in Resources */,
				2F5A40101B5EBC8200AC4048 /* Images.xcassets in Resources */,
			);
			runOnlyForDeploymentPostprocessing = 0;
		};
		2F5A40161B5EBC8200AC4048 /* Resources */ = {
			isa = PBXResourcesBuildPhase;
			buildActionMask = 2147483647;
			files = (
			);
			runOnlyForDeploymentPostprocessing = 0;
		};
/* End PBXResourcesBuildPhase section */

/* Begin PBXSourcesBuildPhase section */
		2F5A3FFB1B5EBC8200AC4048 /* Sources */ = {
			isa = PBXSourcesBuildPhase;
			buildActionMask = 2147483647;
			files = (
				2F5A400B1B5EBC8200AC4048 /* ViewController.m in Sources */,
				2F5A40081B5EBC8200AC4048 /* AppDelegate.m in Sources */,
				2F5A40051B5EBC8200AC4048 /* main.m in Sources */,
			);
			runOnlyForDeploymentPostprocessing = 0;
		};
		2F5A40141B5EBC8200AC4048 /* Sources */ = {
			isa = PBXSourcesBuildPhase;
			buildActionMask = 2147483647;
			files = (
				2F5A401F1B5EBC8200AC4048 /* PodsTestTests.m in Sources */,
			);
			runOnlyForDeploymentPostprocessing = 0;
		};
/* End PBXSourcesBuildPhase section */

/* Begin PBXTargetDependency section */
		2F5A401A1B5EBC8200AC4048 /* PBXTargetDependency */ = {
			isa = PBXTargetDependency;
			target = 2F5A3FFE1B5EBC8200AC4048 /* PodsTest */;
			targetProxy = 2F5A40191B5EBC8200AC4048 /* PBXContainerItemProxy */;
		};
/* End PBXTargetDependency section */

/* Begin PBXVariantGroup section */
		2F5A400C1B5EBC8200AC4048 /* Main.storyboard */ = {
			isa = PBXVariantGroup;
			children = (
				2F5A400D1B5EBC8200AC4048 /* Base */,
			);
			name = Main.storyboard;
			sourceTree = "<group>";
		};
		2F5A40111B5EBC8200AC4048 /* LaunchScreen.xib */ = {
			isa = PBXVariantGroup;
			children = (
				2F5A40121B5EBC8200AC4048 /* Base */,
			);
			name = LaunchScreen.xib;
			sourceTree = "<group>";
		};
/* End PBXVariantGroup section */

/* Begin XCBuildConfiguration section */
		2F5A40201B5EBC8200AC4048 /* Debug */ = {
			isa = XCBuildConfiguration;
			buildSettings = {
				ALWAYS_SEARCH_USER_PATHS = NO;
				CLANG_CXX_LANGUAGE_STANDARD = "gnu++0x";
				CLANG_CXX_LIBRARY = "libc++";
				CLANG_ENABLE_MODULES = YES;
				CLANG_ENABLE_OBJC_ARC = YES;
				CLANG_WARN_BOOL_CONVERSION = YES;
				CLANG_WARN_CONSTANT_CONVERSION = YES;
				CLANG_WARN_DIRECT_OBJC_ISA_USAGE = YES_ERROR;
				CLANG_WARN_EMPTY_BODY = YES;
				CLANG_WARN_ENUM_CONVERSION = YES;
				CLANG_WARN_INT_CONVERSION = YES;
				CLANG_WARN_OBJC_ROOT_CLASS = YES_ERROR;
				CLANG_WARN_UNREACHABLE_CODE = YES;
				CLANG_WARN__DUPLICATE_METHOD_MATCH = YES;
				"CODE_SIGN_IDENTITY[sdk=iphoneos*]" = "iPhone Developer";
				COPY_PHASE_STRIP = NO;
				DEBUG_INFORMATION_FORMAT = "dwarf-with-dsym";
				ENABLE_STRICT_OBJC_MSGSEND = YES;
				GCC_C_LANGUAGE_STANDARD = gnu99;
				GCC_DYNAMIC_NO_PIC = NO;
				GCC_NO_COMMON_BLOCKS = YES;
				GCC_OPTIMIZATION_LEVEL = 0;
				GCC_PREPROCESSOR_DEFINITIONS = (
					"DEBUG=1",
					"$(inherited)",
				);
				GCC_SYMBOLS_PRIVATE_EXTERN = NO;
				GCC_WARN_64_TO_32_BIT_CONVERSION = YES;
				GCC_WARN_ABOUT_RETURN_TYPE = YES_ERROR;
				GCC_WARN_UNDECLARED_SELECTOR = YES;
				GCC_WARN_UNINITIALIZED_AUTOS = YES_AGGRESSIVE;
				GCC_WARN_UNUSED_FUNCTION = YES;
				GCC_WARN_UNUSED_VARIABLE = YES;
				IPHONEOS_DEPLOYMENT_TARGET = 8.4;
				MTL_ENABLE_DEBUG_INFO = YES;
				ONLY_ACTIVE_ARCH = YES;
				SDKROOT = iphoneos;
				TARGETED_DEVICE_FAMILY = "1,2";
			};
			name = Debug;
		};
		2F5A40211B5EBC8200AC4048 /* Release */ = {
			isa = XCBuildConfiguration;
			buildSettings = {
				ALWAYS_SEARCH_USER_PATHS = NO;
				CLANG_CXX_LANGUAGE_STANDARD = "gnu++0x";
				CLANG_CXX_LIBRARY = "libc++";
				CLANG_ENABLE_MODULES = YES;
				CLANG_ENABLE_OBJC_ARC = YES;
				CLANG_WARN_BOOL_CONVERSION = YES;
				CLANG_WARN_CONSTANT_CONVERSION = YES;
				CLANG_WARN_DIRECT_OBJC_ISA_USAGE = YES_ERROR;
				CLANG_WARN_EMPTY_BODY = YES;
				CLANG_WARN_ENUM_CONVERSION = YES;
				CLANG_WARN_INT_CONVERSION = YES;
				CLANG_WARN_OBJC_ROOT_CLASS = YES_ERROR;
				CLANG_WARN_UNREACHABLE_CODE = YES;
				CLANG_WARN__DUPLICATE_METHOD_MATCH = YES;
				"CODE_SIGN_IDENTITY[sdk=iphoneos*]" = "iPhone Developer";
				COPY_PHASE_STRIP = NO;
				DEBUG_INFORMATION_FORMAT = "dwarf-with-dsym";
				ENABLE_NS_ASSERTIONS = NO;
				ENABLE_STRICT_OBJC_MSGSEND = YES;
				GCC_C_LANGUAGE_STANDARD = gnu99;
				GCC_NO_COMMON_BLOCKS = YES;
				GCC_WARN_64_TO_32_BIT_CONVERSION = YES;
				GCC_WARN_ABOUT_RETURN_TYPE = YES_ERROR;
				GCC_WARN_UNDECLARED_SELECTOR = YES;
				GCC_WARN_UNINITIALIZED_AUTOS = YES_AGGRESSIVE;
				GCC_WARN_UNUSED_FUNCTION = YES;
				GCC_WARN_UNUSED_VARIABLE = YES;
				IPHONEOS_DEPLOYMENT_TARGET = 8.4;
				MTL_ENABLE_DEBUG_INFO = NO;
				SDKROOT = iphoneos;
				TARGETED_DEVICE_FAMILY = "1,2";
				VALIDATE_PRODUCT = YES;
			};
			name = Release;
		};
		2F5A40231B5EBC8200AC4048 /* Debug */ = {
			isa = XCBuildConfiguration;
			buildSettings = {
				ASSETCATALOG_COMPILER_APPICON_NAME = AppIcon;
				INFOPLIST_FILE = PodsTest/Info.plist;
				LD_RUNPATH_SEARCH_PATHS = "$(inherited) @executable_path/Frameworks";
				PRODUCT_NAME = "$(TARGET_NAME)";
			};
			name = Debug;
		};
		2F5A40241B5EBC8200AC4048 /* Release */ = {
			isa = XCBuildConfiguration;
			buildSettings = {
				ASSETCATALOG_COMPILER_APPICON_NAME = AppIcon;
				INFOPLIST_FILE = PodsTest/Info.plist;
				LD_RUNPATH_SEARCH_PATHS = "$(inherited) @executable_path/Frameworks";
				PRODUCT_NAME = "$(TARGET_NAME)";
			};
			name = Release;
		};
		2F5A40261B5EBC8200AC4048 /* Debug */ = {
			isa = XCBuildConfiguration;
			buildSettings = {
				BUNDLE_LOADER = "$(TEST_HOST)";
				FRAMEWORK_SEARCH_PATHS = (
					"$(SDKROOT)/Developer/Library/Frameworks",
					"$(inherited)",
				);
				GCC_PREPROCESSOR_DEFINITIONS = (
					"DEBUG=1",
					"$(inherited)",
				);
				INFOPLIST_FILE = PodsTestTests/Info.plist;
				LD_RUNPATH_SEARCH_PATHS = "$(inherited) @executable_path/Frameworks @loader_path/Frameworks";
				PRODUCT_NAME = "$(TARGET_NAME)";
				TEST_HOST = "$(BUILT_PRODUCTS_DIR)/PodsTest.app/PodsTest";
			};
			name = Debug;
		};
		2F5A40271B5EBC8200AC4048 /* Release */ = {
			isa = XCBuildConfiguration;
			buildSettings = {
				BUNDLE_LOADER = "$(TEST_HOST)";
				FRAMEWORK_SEARCH_PATHS = (
					"$(SDKROOT)/Developer/Library/Frameworks",
					"$(inherited)",
				);
				INFOPLIST_FILE = PodsTestTests/Info.plist;
				LD_RUNPATH_SEARCH_PATHS = "$(inherited) @executable_path/Frameworks @loader_path/Frameworks";
				PRODUCT_NAME = "$(TARGET_NAME)";
				TEST_HOST = "$(BUILT_PRODUCTS_DIR)/PodsTest.app/PodsTest";
			};
			name = Release;
		};
/* End XCBuildConfiguration section */

/* Begin XCConfigurationList section */
		2F5A3FFA1B5EBC8200AC4048 /* Build configuration list for PBXProject "PodsTest" */ = {
			isa = XCConfigurationList;
			buildConfigurations = (
				2F5A40201B5EBC8200AC4048 /* Debug */,
				2F5A40211B5EBC8200AC4048 /* Release */,
			);
			defaultConfigurationIsVisible = 0;
			defaultConfigurationName = Release;
		};
		2F5A40221B5EBC8200AC4048 /* Build configuration list for PBXNativeTarget "PodsTest" */ = {
			isa = XCConfigurationList;
			buildConfigurations = (
				2F5A40231B5EBC8200AC4048 /* Debug */,
				2F5A40241B5EBC8200AC4048 /* Release */,
			);
			defaultConfigurationIsVisible = 0;
		};
		2F5A40251B5EBC8200AC4048 /* Build configuration list for PBXNativeTarget "PodsTestTests" */ = {
			isa = XCConfigurationList;
			buildConfigurations = (
				2F5A40261B5EBC8200AC4048 /* Debug */,
				2F5A40271B5EBC8200AC4048 /* Release */,
			);
			defaultConfigurationIsVisible = 0;
		};
/* End XCConfigurationList section */
	};
	rootObject = 2F5A3FF71B5EBC8200AC4048 /* Project object */;
}
